
Microsoft Visual Studio Solution File, Format Version 12.00
# Visual Studio Version 16
VisualStudioVersion = 16.0.31205.134
MinimumVisualStudioVersion = 10.0.40219.1
Project("{9A19103F-16F7-4668-BE54-9A1E7A4F7556}") = "PowerplantCodingChallenge", "PowerplantCodingChallenge\PowerplantCodingChallenge.csproj", "{FDF72D4F-DED3-46BC-8E23-65F54A2B5C00}"
EndProject
Project("{FAE04EC0-301F-11D3-BF4B-00C04F79EFBC}") = "PowerplantCodingChallenge.Test", "PowerplantCodingChallenge.Test\PowerplantCodingChallenge.Test.csproj", "{E503128B-6C95-4F61-B806-1C49CB80DF82}"
EndProject
Global
	GlobalSection(SolutionConfigurationPlatforms) = preSolution
		Debug|Any CPU = Debug|Any CPU
		Release|Any CPU = Release|Any CPU
	EndGlobalSection
	GlobalSection(ProjectConfigurationPlatforms) = postSolution
		{FDF72D4F-DED3-46BC-8E23-65F54A2B5C00}.Debug|Any CPU.ActiveCfg = Debug|Any CPU
		{FDF72D4F-DED3-46BC-8E23-65F54A2B5C00}.Debug|Any CPU.Build.0 = Debug|Any CPU
		{FDF72D4F-DED3-46BC-8E23-65F54A2B5C00}.Release|Any CPU.ActiveCfg = Release|Any CPU
		{FDF72D4F-DED3-46BC-8E23-65F54A2B5C00}.Release|Any CPU.Build.0 = Release|Any CPU
		{E503128B-6C95-4F61-B806-1C49CB80DF82}.Debug|Any CPU.ActiveCfg = Debug|Any CPU
		{E503128B-6C95-4F61-B806-1C49CB80DF82}.Debug|Any CPU.Build.0 = Debug|Any CPU
		{E503128B-6C95-4F61-B806-1C49CB80DF82}.Release|Any CPU.ActiveCfg = Release|Any CPU
		{E503128B-6C95-4F61-B806-1C49CB80DF82}.Release|Any CPU.Build.0 = Release|Any CPU
	EndGlobalSection
	GlobalSection(SolutionProperties) = preSolution
		HideSolutionNode = FALSE
	EndGlobalSection
	GlobalSection(ExtensibilityGlobals) = postSolution
		SolutionGuid = {547899D3-CB50-45E5-9B20-2551D23F3748}
	EndGlobalSection
EndGlobal
